// !$*UTF8*$!
{
	archiveVersion = 1;
	classes = {
	};
	objectVersion = 50;
	objects = {

/* Begin PBXBuildFile section */
		20EE37C822832BE200350735 /* AppDelegate.swift in Sources */ = {isa = PBXBuildFile; fileRef = 20EE37C722832BE200350735 /* AppDelegate.swift */; };
		20EE37CA22832BE200350735 /* ViewController.swift in Sources */ = {isa = PBXBuildFile; fileRef = 20EE37C922832BE200350735 /* ViewController.swift */; };
		20EE37CD22832BE200350735 /* Main.storyboard in Resources */ = {isa = PBXBuildFile; fileRef = 20EE37CB22832BE200350735 /* Main.storyboard */; };
		20EE37CF22832BE400350735 /* Assets.xcassets in Resources */ = {isa = PBXBuildFile; fileRef = 20EE37CE22832BE400350735 /* Assets.xcassets */; };
		20EE37D222832BE400350735 /* LaunchScreen.storyboard in Resources */ = {isa = PBXBuildFile; fileRef = 20EE37D022832BE400350735 /* LaunchScreen.storyboard */; };
		20EE37DD22832BE400350735 /* LocationNotifierTests.swift in Sources */ = {isa = PBXBuildFile; fileRef = 20EE37DC22832BE400350735 /* LocationNotifierTests.swift */; };
		20EE37E822832BE400350735 /* LocationNotifierUITests.swift in Sources */ = {isa = PBXBuildFile; fileRef = 20EE37E722832BE400350735 /* LocationNotifierUITests.swift */; };
		20EE37F622834A3F00350735 /* LocationNotificationScheduler.swift in Sources */ = {isa = PBXBuildFile; fileRef = 20EE37F522834A3F00350735 /* LocationNotificationScheduler.swift */; };
		20EE37F9228355B900350735 /* LocationNotificationSchedulerDelegate.swift in Sources */ = {isa = PBXBuildFile; fileRef = 20EE37F8228355B900350735 /* LocationNotificationSchedulerDelegate.swift */; };
		20EE37FB228355CE00350735 /* LocationNotificationInfo.swift in Sources */ = {isa = PBXBuildFile; fileRef = 20EE37FA228355CE00350735 /* LocationNotificationInfo.swift */; };
/* End PBXBuildFile section */

/* Begin PBXContainerItemProxy section */
		20EE37D922832BE400350735 /* PBXContainerItemProxy */ = {
			isa = PBXContainerItemProxy;
			containerPortal = 20EE37BC22832BE200350735 /* Project object */;
			proxyType = 1;
			remoteGlobalIDString = 20EE37C322832BE200350735;
			remoteInfo = LocationNotifier;
		};
		20EE37E422832BE400350735 /* PBXContainerItemProxy */ = {
			isa = PBXContainerItemProxy;
			containerPortal = 20EE37BC22832BE200350735 /* Project object */;
			proxyType = 1;
			remoteGlobalIDString = 20EE37C322832BE200350735;
			remoteInfo = LocationNotifier;
		};
/* End PBXContainerItemProxy section */

/* Begin PBXFileReference section */
		20EE37C422832BE200350735 /* LocationNotifier.app */ = {isa = PBXFileReference; explicitFileType = wrapper.application; includeInIndex = 0; path = LocationNotifier.app; sourceTree = BUILT_PRODUCTS_DIR; };
		20EE37C722832BE200350735 /* AppDelegate.swift */ = {isa = PBXFileReference; lastKnownFileType = sourcecode.swift; path = AppDelegate.swift; sourceTree = "<group>"; };
		20EE37C922832BE200350735 /* ViewController.swift */ = {isa = PBXFileReference; lastKnownFileType = sourcecode.swift; path = ViewController.swift; sourceTree = "<group>"; };
		20EE37CC22832BE200350735 /* Base */ = {isa = PBXFileReference; lastKnownFileType = file.storyboard; name = Base; path = Base.lproj/Main.storyboard; sourceTree = "<group>"; };
		20EE37CE22832BE400350735 /* Assets.xcassets */ = {isa = PBXFileReference; lastKnownFileType = folder.assetcatalog; path = Assets.xcassets; sourceTree = "<group>"; };
		20EE37D122832BE400350735 /* Base */ = {isa = PBXFileReference; lastKnownFileType = file.storyboard; name = Base; path = Base.lproj/LaunchScreen.storyboard; sourceTree = "<group>"; };
		20EE37D322832BE400350735 /* Info.plist */ = {isa = PBXFileReference; lastKnownFileType = text.plist.xml; path = Info.plist; sourceTree = "<group>"; };
		20EE37D822832BE400350735 /* LocationNotifierTests.xctest */ = {isa = PBXFileReference; explicitFileType = wrapper.cfbundle; includeInIndex = 0; path = LocationNotifierTests.xctest; sourceTree = BUILT_PRODUCTS_DIR; };
		20EE37DC22832BE400350735 /* LocationNotifierTests.swift */ = {isa = PBXFileReference; lastKnownFileType = sourcecode.swift; path = LocationNotifierTests.swift; sourceTree = "<group>"; };
		20EE37DE22832BE400350735 /* Info.plist */ = {isa = PBXFileReference; lastKnownFileType = text.plist.xml; path = Info.plist; sourceTree = "<group>"; };
		20EE37E322832BE400350735 /* LocationNotifierUITests.xctest */ = {isa = PBXFileReference; explicitFileType = wrapper.cfbundle; includeInIndex = 0; path = LocationNotifierUITests.xctest; sourceTree = BUILT_PRODUCTS_DIR; };
		20EE37E722832BE400350735 /* LocationNotifierUITests.swift */ = {isa = PBXFileReference; lastKnownFileType = sourcecode.swift; path = LocationNotifierUITests.swift; sourceTree = "<group>"; };
		20EE37E922832BE400350735 /* Info.plist */ = {isa = PBXFileReference; lastKnownFileType = text.plist.xml; path = Info.plist; sourceTree = "<group>"; };
		20EE37F522834A3F00350735 /* LocationNotificationScheduler.swift */ = {isa = PBXFileReference; lastKnownFileType = sourcecode.swift; path = LocationNotificationScheduler.swift; sourceTree = "<group>"; };
		20EE37F8228355B900350735 /* LocationNotificationSchedulerDelegate.swift */ = {isa = PBXFileReference; lastKnownFileType = sourcecode.swift; path = LocationNotificationSchedulerDelegate.swift; sourceTree = "<group>"; };
		20EE37FA228355CE00350735 /* LocationNotificationInfo.swift */ = {isa = PBXFileReference; lastKnownFileType = sourcecode.swift; path = LocationNotificationInfo.swift; sourceTree = "<group>"; };
/* End PBXFileReference section */

/* Begin PBXFrameworksBuildPhase section */
		20EE37C122832BE200350735 /* Frameworks */ = {
			isa = PBXFrameworksBuildPhase;
			buildActionMask = 2147483647;
			files = (
			);
			runOnlyForDeploymentPostprocessing = 0;
		};
		20EE37D522832BE400350735 /* Frameworks */ = {
			isa = PBXFrameworksBuildPhase;
			buildActionMask = 2147483647;
			files = (
			);
			runOnlyForDeploymentPostprocessing = 0;
		};
		20EE37E022832BE400350735 /* Frameworks */ = {
			isa = PBXFrameworksBuildPhase;
			buildActionMask = 2147483647;
			files = (
			);
			runOnlyForDeploymentPostprocessing = 0;
		};
/* End PBXFrameworksBuildPhase section */

/* Begin PBXGroup section */
		20EE37BB22832BE200350735 = {
			isa = PBXGroup;
			children = (
				20EE37C622832BE200350735 /* LocationNotifier */,
				20EE37DB22832BE400350735 /* LocationNotifierTests */,
				20EE37E622832BE400350735 /* LocationNotifierUITests */,
				20EE37C522832BE200350735 /* Products */,
			);
			sourceTree = "<group>";
		};
		20EE37C522832BE200350735 /* Products */ = {
			isa = PBXGroup;
			children = (
				20EE37C422832BE200350735 /* LocationNotifier.app */,
				20EE37D822832BE400350735 /* LocationNotifierTests.xctest */,
				20EE37E322832BE400350735 /* LocationNotifierUITests.xctest */,
			);
			name = Products;
			sourceTree = "<group>";
		};
		20EE37C622832BE200350735 /* LocationNotifier */ = {
			isa = PBXGroup;
			children = (
				20EE37C722832BE200350735 /* AppDelegate.swift */,
				20EE37C922832BE200350735 /* ViewController.swift */,
				20EE37CB22832BE200350735 /* Main.storyboard */,
				20EE37CE22832BE400350735 /* Assets.xcassets */,
				20EE37D022832BE400350735 /* LaunchScreen.storyboard */,
				20EE37D322832BE400350735 /* Info.plist */,
				20EE37F7228355A900350735 /* LocationNotificationScheduler */,
			);
			path = LocationNotifier;
			sourceTree = "<group>";
		};
		20EE37DB22832BE400350735 /* LocationNotifierTests */ = {
			isa = PBXGroup;
			children = (
				20EE37DC22832BE400350735 /* LocationNotifierTests.swift */,
				20EE37DE22832BE400350735 /* Info.plist */,
			);
			path = LocationNotifierTests;
			sourceTree = "<group>";
		};
		20EE37E622832BE400350735 /* LocationNotifierUITests */ = {
			isa = PBXGroup;
			children = (
				20EE37E722832BE400350735 /* LocationNotifierUITests.swift */,
				20EE37E922832BE400350735 /* Info.plist */,
			);
			path = LocationNotifierUITests;
			sourceTree = "<group>";
		};
		20EE37F7228355A900350735 /* LocationNotificationScheduler */ = {
			isa = PBXGroup;
			children = (
				20EE37F522834A3F00350735 /* LocationNotificationScheduler.swift */,
				20EE37F8228355B900350735 /* LocationNotificationSchedulerDelegate.swift */,
				20EE37FA228355CE00350735 /* LocationNotificationInfo.swift */,
			);
			path = LocationNotificationScheduler;
			sourceTree = "<group>";
		};
/* End PBXGroup section */

/* Begin PBXNativeTarget section */
		20EE37C322832BE200350735 /* LocationNotifier */ = {
			isa = PBXNativeTarget;
			buildConfigurationList = 20EE37EC22832BE400350735 /* Build configuration list for PBXNativeTarget "LocationNotifier" */;
			buildPhases = (
				20EE37C022832BE200350735 /* Sources */,
				20EE37C122832BE200350735 /* Frameworks */,
				20EE37C222832BE200350735 /* Resources */,
			);
			buildRules = (
			);
			dependencies = (
			);
			name = LocationNotifier;
			productName = LocationNotifier;
			productReference = 20EE37C422832BE200350735 /* LocationNotifier.app */;
			productType = "com.apple.product-type.application";
		};
		20EE37D722832BE400350735 /* LocationNotifierTests */ = {
			isa = PBXNativeTarget;
			buildConfigurationList = 20EE37EF22832BE400350735 /* Build configuration list for PBXNativeTarget "LocationNotifierTests" */;
			buildPhases = (
				20EE37D422832BE400350735 /* Sources */,
				20EE37D522832BE400350735 /* Frameworks */,
				20EE37D622832BE400350735 /* Resources */,
			);
			buildRules = (
			);
			dependencies = (
				20EE37DA22832BE400350735 /* PBXTargetDependency */,
			);
			name = LocationNotifierTests;
			productName = LocationNotifierTests;
			productReference = 20EE37D822832BE400350735 /* LocationNotifierTests.xctest */;
			productType = "com.apple.product-type.bundle.unit-test";
		};
		20EE37E222832BE400350735 /* LocationNotifierUITests */ = {
			isa = PBXNativeTarget;
			buildConfigurationList = 20EE37F222832BE400350735 /* Build configuration list for PBXNativeTarget "LocationNotifierUITests" */;
			buildPhases = (
				20EE37DF22832BE400350735 /* Sources */,
				20EE37E022832BE400350735 /* Frameworks */,
				20EE37E122832BE400350735 /* Resources */,
			);
			buildRules = (
			);
			dependencies = (
				20EE37E522832BE400350735 /* PBXTargetDependency */,
			);
			name = LocationNotifierUITests;
			productName = LocationNotifierUITests;
			productReference = 20EE37E322832BE400350735 /* LocationNotifierUITests.xctest */;
			productType = "com.apple.product-type.bundle.ui-testing";
		};
/* End PBXNativeTarget section */

/* Begin PBXProject section */
		20EE37BC22832BE200350735 /* Project object */ = {
			isa = PBXProject;
			attributes = {
				LastSwiftUpdateCheck = 1010;
				LastUpgradeCheck = 1010;
				ORGANIZATIONNAME = "Jonathan Samudio";
				TargetAttributes = {
					20EE37C322832BE200350735 = {
						CreatedOnToolsVersion = 10.1;
					};
					20EE37D722832BE400350735 = {
						CreatedOnToolsVersion = 10.1;
						TestTargetID = 20EE37C322832BE200350735;
					};
					20EE37E222832BE400350735 = {
						CreatedOnToolsVersion = 10.1;
						TestTargetID = 20EE37C322832BE200350735;
					};
				};
			};
			buildConfigurationList = 20EE37BF22832BE200350735 /* Build configuration list for PBXProject "LocationNotifier" */;
			compatibilityVersion = "Xcode 9.3";
			developmentRegion = en;
			hasScannedForEncodings = 0;
			knownRegions = (
				en,
				Base,
			);
			mainGroup = 20EE37BB22832BE200350735;
			productRefGroup = 20EE37C522832BE200350735 /* Products */;
			projectDirPath = "";
			projectRoot = "";
			targets = (
				20EE37C322832BE200350735 /* LocationNotifier */,
				20EE37D722832BE400350735 /* LocationNotifierTests */,
				20EE37E222832BE400350735 /* LocationNotifierUITests */,
			);
		};
/* End PBXProject section */

/* Begin PBXResourcesBuildPhase section */
		20EE37C222832BE200350735 /* Resources */ = {
			isa = PBXResourcesBuildPhase;
			buildActionMask = 2147483647;
			files = (
				20EE37D222832BE400350735 /* LaunchScreen.storyboard in Resources */,
				20EE37CF22832BE400350735 /* Assets.xcassets in Resources */,
				20EE37CD22832BE200350735 /* Main.storyboard in Resources */,
			);
			runOnlyForDeploymentPostprocessing = 0;
		};
		20EE37D622832BE400350735 /* Resources */ = {
			isa = PBXResourcesBuildPhase;
			buildActionMask = 2147483647;
			files = (
			);
			runOnlyForDeploymentPostprocessing = 0;
		};
		20EE37E122832BE400350735 /* Resources */ = {
			isa = PBXResourcesBuildPhase;
			buildActionMask = 2147483647;
			files = (
			);
			runOnlyForDeploymentPostprocessing = 0;
		};
/* End PBXResourcesBuildPhase section */

/* Begin PBXSourcesBuildPhase section */
		20EE37C022832BE200350735 /* Sources */ = {
			isa = PBXSourcesBuildPhase;
			buildActionMask = 2147483647;
			files = (
				20EE37FB228355CE00350735 /* LocationNotificationInfo.swift in Sources */,
				20EE37F9228355B900350735 /* LocationNotificationSchedulerDelegate.swift in Sources */,
				20EE37CA22832BE200350735 /* ViewController.swift in Sources */,
				20EE37C822832BE200350735 /* AppDelegate.swift in Sources */,
				20EE37F622834A3F00350735 /* LocationNotificationScheduler.swift in Sources */,
			);
			runOnlyForDeploymentPostprocessing = 0;
		};
		20EE37D422832BE400350735 /* Sources */ = {
			isa = PBXSourcesBuildPhase;
			buildActionMask = 2147483647;
			files = (
				20EE37DD22832BE400350735 /* LocationNotifierTests.swift in Sources */,
			);
			runOnlyForDeploymentPostprocessing = 0;
		};
		20EE37DF22832BE400350735 /* Sources */ = {
			isa = PBXSourcesBuildPhase;
			buildActionMask = 2147483647;
			files = (
				20EE37E822832BE400350735 /* LocationNotifierUITests.swift in Sources */,
			);
			runOnlyForDeploymentPostprocessing = 0;
		};
/* End PBXSourcesBuildPhase section */

/* Begin PBXTargetDependency section */
		20EE37DA22832BE400350735 /* PBXTargetDependency */ = {
			isa = PBXTargetDependency;
			target = 20EE37C322832BE200350735 /* LocationNotifier */;
			targetProxy = 20EE37D922832BE400350735 /* PBXContainerItemProxy */;
		};
		20EE37E522832BE400350735 /* PBXTargetDependency */ = {
			isa = PBXTargetDependency;
			target = 20EE37C322832BE200350735 /* LocationNotifier */;
			targetProxy = 20EE37E422832BE400350735 /* PBXContainerItemProxy */;
		};
/* End PBXTargetDependency section */

/* Begin PBXVariantGroup section */
		20EE37CB22832BE200350735 /* Main.storyboard */ = {
			isa = PBXVariantGroup;
			children = (
				20EE37CC22832BE200350735 /* Base */,
			);
			name = Main.storyboard;
			sourceTree = "<group>";
		};
		20EE37D022832BE400350735 /* LaunchScreen.storyboard */ = {
			isa = PBXVariantGroup;
			children = (
				20EE37D122832BE400350735 /* Base */,
			);
			name = LaunchScreen.storyboard;
			sourceTree = "<group>";
		};
/* End PBXVariantGroup section */

/* Begin XCBuildConfiguration section */
		20EE37EA22832BE400350735 /* Debug */ = {
			isa = XCBuildConfiguration;
			buildSettings = {
				ALWAYS_SEARCH_USER_PATHS = NO;
				CLANG_ANALYZER_NONNULL = YES;
				CLANG_ANALYZER_NUMBER_OBJECT_CONVERSION = YES_AGGRESSIVE;
				CLANG_CXX_LANGUAGE_STANDARD = "gnu++14";
				CLANG_CXX_LIBRARY = "libc++";
				CLANG_ENABLE_MODULES = YES;
				CLANG_ENABLE_OBJC_ARC = YES;
				CLANG_ENABLE_OBJC_WEAK = YES;
				CLANG_WARN_BLOCK_CAPTURE_AUTORELEASING = YES;
				CLANG_WARN_BOOL_CONVERSION = YES;
				CLANG_WARN_COMMA = YES;
				CLANG_WARN_CONSTANT_CONVERSION = YES;
				CLANG_WARN_DEPRECATED_OBJC_IMPLEMENTATIONS = YES;
				CLANG_WARN_DIRECT_OBJC_ISA_USAGE = YES_ERROR;
				CLANG_WARN_DOCUMENTATION_COMMENTS = YES;
				CLANG_WARN_EMPTY_BODY = YES;
				CLANG_WARN_ENUM_CONVERSION = YES;
				CLANG_WARN_INFINITE_RECURSION = YES;
				CLANG_WARN_INT_CONVERSION = YES;
				CLANG_WARN_NON_LITERAL_NULL_CONVERSION = YES;
				CLANG_WARN_OBJC_IMPLICIT_RETAIN_SELF = YES;
				CLANG_WARN_OBJC_LITERAL_CONVERSION = YES;
				CLANG_WARN_OBJC_ROOT_CLASS = YES_ERROR;
				CLANG_WARN_RANGE_LOOP_ANALYSIS = YES;
				CLANG_WARN_STRICT_PROTOTYPES = YES;
				CLANG_WARN_SUSPICIOUS_MOVE = YES;
				CLANG_WARN_UNGUARDED_AVAILABILITY = YES_AGGRESSIVE;
				CLANG_WARN_UNREACHABLE_CODE = YES;
				CLANG_WARN__DUPLICATE_METHOD_MATCH = YES;
				CODE_SIGN_IDENTITY = "iPhone Developer";
				COPY_PHASE_STRIP = NO;
				DEBUG_INFORMATION_FORMAT = dwarf;
				ENABLE_STRICT_OBJC_MSGSEND = YES;
				ENABLE_TESTABILITY = YES;
				GCC_C_LANGUAGE_STANDARD = gnu11;
				GCC_DYNAMIC_NO_PIC = NO;
				GCC_NO_COMMON_BLOCKS = YES;
				GCC_OPTIMIZATION_LEVEL = 0;
				GCC_PREPROCESSOR_DEFINITIONS = (
					"DEBUG=1",
					"$(inherited)",
				);
				GCC_WARN_64_TO_32_BIT_CONVERSION = YES;
				GCC_WARN_ABOUT_RETURN_TYPE = YES_ERROR;
				GCC_WARN_UNDECLARED_SELECTOR = YES;
				GCC_WARN_UNINITIALIZED_AUTOS = YES_AGGRESSIVE;
				GCC_WARN_UNUSED_FUNCTION = YES;
				GCC_WARN_UNUSED_VARIABLE = YES;
				IPHONEOS_DEPLOYMENT_TARGET = 12.1;
				MTL_ENABLE_DEBUG_INFO = INCLUDE_SOURCE;
				MTL_FAST_MATH = YES;
				ONLY_ACTIVE_ARCH = YES;
				SDKROOT = iphoneos;
				SWIFT_ACTIVE_COMPILATION_CONDITIONS = DEBUG;
				SWIFT_OPTIMIZATION_LEVEL = "-Onone";
			};
			name = Debug;
		};
		20EE37EB22832BE400350735 /* Release */ = {
			isa = XCBuildConfiguration;
			buildSettings = {
				ALWAYS_SEARCH_USER_PATHS = NO;
				CLANG_ANALYZER_NONNULL = YES;
				CLANG_ANALYZER_NUMBER_OBJECT_CONVERSION = YES_AGGRESSIVE;
				CLANG_CXX_LANGUAGE_STANDARD = "gnu++14";
				CLANG_CXX_LIBRARY = "libc++";
				CLANG_ENABLE_MODULES = YES;
				CLANG_ENABLE_OBJC_ARC = YES;
				CLANG_ENABLE_OBJC_WEAK = YES;
				CLANG_WARN_BLOCK_CAPTURE_AUTORELEASING = YES;
				CLANG_WARN_BOOL_CONVERSION = YES;
				CLANG_WARN_COMMA = YES;
				CLANG_WARN_CONSTANT_CONVERSION = YES;
				CLANG_WARN_DEPRECATED_OBJC_IMPLEMENTATIONS = YES;
				CLANG_WARN_DIRECT_OBJC_ISA_USAGE = YES_ERROR;
				CLANG_WARN_DOCUMENTATION_COMMENTS = YES;
				CLANG_WARN_EMPTY_BODY = YES;
				CLANG_WARN_ENUM_CONVERSION = YES;
				CLANG_WARN_INFINITE_RECURSION = YES;
				CLANG_WARN_INT_CONVERSION = YES;
				CLANG_WARN_NON_LITERAL_NULL_CONVERSION = YES;
				CLANG_WARN_OBJC_IMPLICIT_RETAIN_SELF = YES;
				CLANG_WARN_OBJC_LITERAL_CONVERSION = YES;
				CLANG_WARN_OBJC_ROOT_CLASS = YES_ERROR;
				CLANG_WARN_RANGE_LOOP_ANALYSIS = YES;
				CLANG_WARN_STRICT_PROTOTYPES = YES;
				CLANG_WARN_SUSPICIOUS_MOVE = YES;
				CLANG_WARN_UNGUARDED_AVAILABILITY = YES_AGGRESSIVE;
				CLANG_WARN_UNREACHABLE_CODE = YES;
				CLANG_WARN__DUPLICATE_METHOD_MATCH = YES;
				CODE_SIGN_IDENTITY = "iPhone Developer";
				COPY_PHASE_STRIP = NO;
				DEBUG_INFORMATION_FORMAT = "dwarf-with-dsym";
				ENABLE_NS_ASSERTIONS = NO;
				ENABLE_STRICT_OBJC_MSGSEND = YES;
				GCC_C_LANGUAGE_STANDARD = gnu11;
				GCC_NO_COMMON_BLOCKS = YES;
				GCC_WARN_64_TO_32_BIT_CONVERSION = YES;
				GCC_WARN_ABOUT_RETURN_TYPE = YES_ERROR;
				GCC_WARN_UNDECLARED_SELECTOR = YES;
				GCC_WARN_UNINITIALIZED_AUTOS = YES_AGGRESSIVE;
				GCC_WARN_UNUSED_FUNCTION = YES;
				GCC_WARN_UNUSED_VARIABLE = YES;
				IPHONEOS_DEPLOYMENT_TARGET = 12.1;
				MTL_ENABLE_DEBUG_INFO = NO;
				MTL_FAST_MATH = YES;
				SDKROOT = iphoneos;
				SWIFT_COMPILATION_MODE = wholemodule;
				SWIFT_OPTIMIZATION_LEVEL = "-O";
				VALIDATE_PRODUCT = YES;
			};
			name = Release;
		};
		20EE37ED22832BE400350735 /* Debug */ = {
			isa = XCBuildConfiguration;
			buildSettings = {
				ASSETCATALOG_COMPILER_APPICON_NAME = AppIcon;
				CODE_SIGN_STYLE = Automatic;
				DEVELOPMENT_TEAM = FT4NWQ256Y;
				INFOPLIST_FILE = LocationNotifier/Info.plist;
				LD_RUNPATH_SEARCH_PATHS = (
					"$(inherited)",
					"@executable_path/Frameworks",
				);
				PRODUCT_BUNDLE_IDENTIFIER = com.LocationNotifier;
				PRODUCT_NAME = "$(TARGET_NAME)";
				SWIFT_VERSION = 4.2;
				TARGETED_DEVICE_FAMILY = "1,2";
			};
			name = Debug;
		};
		20EE37EE22832BE400350735 /* Release */ = {
			isa = XCBuildConfiguration;
			buildSettings = {
				ASSETCATALOG_COMPILER_APPICON_NAME = AppIcon;
				CODE_SIGN_STYLE = Automatic;
				DEVELOPMENT_TEAM = FT4NWQ256Y;
				INFOPLIST_FILE = LocationNotifier/Info.plist;
				LD_RUNPATH_SEARCH_PATHS = (
					"$(inherited)",
					"@executable_path/Frameworks",
				);
				PRODUCT_BUNDLE_IDENTIFIER = com.LocationNotifier;
				PRODUCT_NAME = "$(TARGET_NAME)";
				SWIFT_VERSION = 4.2;
				TARGETED_DEVICE_FAMILY = "1,2";
			};
			name = Release;
		};
		20EE37F022832BE400350735 /* Debug */ = {
			isa = XCBuildConfiguration;
			buildSettings = {
				ALWAYS_EMBED_SWIFT_STANDARD_LIBRARIES = YES;
				BUNDLE_LOADER = "$(TEST_HOST)";
				CODE_SIGN_STYLE = Automatic;
				DEVELOPMENT_TEAM = FT4NWQ256Y;
				INFOPLIST_FILE = LocationNotifierTests/Info.plist;
				LD_RUNPATH_SEARCH_PATHS = (
					"$(inherited)",
					"@executable_path/Frameworks",
					"@loader_path/Frameworks",
				);
				PRODUCT_BUNDLE_IDENTIFIER = com.LocationNotifierTests;
				PRODUCT_NAME = "$(TARGET_NAME)";
				SWIFT_VERSION = 4.2;
				TARGETED_DEVICE_FAMILY = "1,2";
				TEST_HOST = "$(BUILT_PRODUCTS_DIR)/LocationNotifier.app/LocationNotifier";
			};
			name = Debug;
		};
		20EE37F122832BE400350735 /* Release */ = {
			isa = XCBuildConfiguration;
			buildSettings = {
				ALWAYS_EMBED_SWIFT_STANDARD_LIBRARIES = YES;
				BUNDLE_LOADER = "$(TEST_HOST)";
				CODE_SIGN_STYLE = Automatic;
				DEVELOPMENT_TEAM = FT4NWQ256Y;
				INFOPLIST_FILE = LocationNotifierTests/Info.plist;
				LD_RUNPATH_SEARCH_PATHS = (
					"$(inherited)",
					"@executable_path/Frameworks",
					"@loader_path/Frameworks",
				);
				PRODUCT_BUNDLE_IDENTIFIER = com.LocationNotifierTests;
				PRODUCT_NAME = "$(TARGET_NAME)";
				SWIFT_VERSION = 4.2;
				TARGETED_DEVICE_FAMILY = "1,2";
				TEST_HOST = "$(BUILT_PRODUCTS_DIR)/LocationNotifier.app/LocationNotifier";
			};
			name = Release;
		};
		20EE37F322832BE400350735 /* Debug */ = {
			isa = XCBuildConfiguration;
			buildSettings = {
				ALWAYS_EMBED_SWIFT_STANDARD_LIBRARIES = YES;
				CODE_SIGN_STYLE = Automatic;
				DEVELOPMENT_TEAM = FT4NWQ256Y;
				INFOPLIST_FILE = LocationNotifierUITests/Info.plist;
				LD_RUNPATH_SEARCH_PATHS = (
					"$(inherited)",
					"@executable_path/Frameworks",
					"@loader_path/Frameworks",
				);
				PRODUCT_BUNDLE_IDENTIFIER = com.LocationNotifierUITests;
				PRODUCT_NAME = "$(TARGET_NAME)";
				SWIFT_VERSION = 4.2;
				TARGETED_DEVICE_FAMILY = "1,2";
				TEST_TARGET_NAME = LocationNotifier;
			};
			name = Debug;
		};
		20EE37F422832BE400350735 /* Release */ = {
			isa = XCBuildConfiguration;
			buildSettings = {
				ALWAYS_EMBED_SWIFT_STANDARD_LIBRARIES = YES;
				CODE_SIGN_STYLE = Automatic;
				DEVELOPMENT_TEAM = FT4NWQ256Y;
				INFOPLIST_FILE = LocationNotifierUITests/Info.plist;
				LD_RUNPATH_SEARCH_PATHS = (
					"$(inherited)",
					"@executable_path/Frameworks",
					"@loader_path/Frameworks",
				);
				PRODUCT_BUNDLE_IDENTIFIER = com.LocationNotifierUITests;
				PRODUCT_NAME = "$(TARGET_NAME)";
				SWIFT_VERSION = 4.2;
				TARGETED_DEVICE_FAMILY = "1,2";
				TEST_TARGET_NAME = LocationNotifier;
			};
			name = Release;
		};
/* End XCBuildConfiguration section */

/* Begin XCConfigurationList section */
		20EE37BF22832BE200350735 /* Build configuration list for PBXProject "LocationNotifier" */ = {
			isa = XCConfigurationList;
			buildConfigurations = (
				20EE37EA22832BE400350735 /* Debug */,
				20EE37EB22832BE400350735 /* Release */,
			);
			defaultConfigurationIsVisible = 0;
			defaultConfigurationName = Release;
		};
		20EE37EC22832BE400350735 /* Build configuration list for PBXNativeTarget "LocationNotifier" */ = {
			isa = XCConfigurationList;
			buildConfigurations = (
				20EE37ED22832BE400350735 /* Debug */,
				20EE37EE22832BE400350735 /* Release */,
			);
			defaultConfigurationIsVisible = 0;
			defaultConfigurationName = Release;
		};
		20EE37EF22832BE400350735 /* Build configuration list for PBXNativeTarget "LocationNotifierTests" */ = {
			isa = XCConfigurationList;
			buildConfigurations = (
				20EE37F022832BE400350735 /* Debug */,
				20EE37F122832BE400350735 /* Release */,
			);
			defaultConfigurationIsVisible = 0;
			defaultConfigurationName = Release;
		};
		20EE37F222832BE400350735 /* Build configuration list for PBXNativeTarget "LocationNotifierUITests" */ = {
			isa = XCConfigurationList;
			buildConfigurations = (
				20EE37F322832BE400350735 /* Debug */,
				20EE37F422832BE400350735 /* Release */,
			);
			defaultConfigurationIsVisible = 0;
			defaultConfigurationName = Release;
		};
/* End XCConfigurationList section */
	};
	rootObject = 20EE37BC22832BE200350735 /* Project object */;
}
